
Microsoft Visual Studio Solution File, Format Version 12.00
# Visual Studio Version 16
VisualStudioVersion = 16.0.33927.289
MinimumVisualStudioVersion = 10.0.40219.1
Project("{8BC9CEB8-8B4A-11D0-8D11-00A0C91BC942}") = "CarCostCalculator", "CarCostCalculator.vcxproj", "{81248275-2237-437E-B0FB-98E92BC4642D}"
EndProject
Global
	GlobalSection(SolutionConfigurationPlatforms) = preSolution
		Debug|x64 = Debug|x64
		Debug|x86 = Debug|x86
		Release|x64 = Release|x64
		Release|x86 = Release|x86
	EndGlobalSection
	GlobalSection(ProjectConfigurationPlatforms) = postSolution
		{81248275-2237-437E-B0FB-98E92BC4642D}.Debug|x64.ActiveCfg = Debug|x64
		{81248275-2237-437E-B0FB-98E92BC4642D}.Debug|x64.Build.0 = Debug|x64
		{81248275-2237-437E-B0FB-98E92BC4642D}.Debug|x86.ActiveCfg = Debug|Win32
		{81248275-2237-437E-B0FB-98E92BC4642D}.Debug|x86.Build.0 = Debug|Win32
		{81248275-2237-437E-B0FB-98E92BC4642D}.Release|x64.ActiveCfg = Release|x64
		{81248275-2237-437E-B0FB-98E92BC4642D}.Release|x64.Build.0 = Release|x64
		{81248275-2237-437E-B0FB-98E92BC4642D}.Release|x86.ActiveCfg = Release|Win32
		{81248275-2237-437E-B0FB-98E92BC4642D}.Release|x86.Build.0 = Release|Win32
	EndGlobalSection
	GlobalSection(SolutionProperties) = preSolution
		HideSolutionNode = FALSE
	EndGlobalSection
	GlobalSection(ExtensibilityGlobals) = postSolution
		SolutionGuid = {6602492F-C86E-4D63-B6EC-D8407B0112D2}
	EndGlobalSection
EndGlobal
